
Microsoft Visual Studio Solution File, Format Version 12.00
# Visual Studio Version 17
VisualStudioVersion = 17.14.36301.6 d17.14
MinimumVisualStudioVersion = 10.0.40219.1
Project("{FAE04EC0-301F-11D3-BF4B-00C04F79EFBC}") = "mvc_intermediate", "mvc_intermediate\mvc_intermediate.csproj", "{8B15172C-0B3B-4F85-AD83-FDA5C42552F8}"
EndProject
Global
	GlobalSection(SolutionConfigurationPlatforms) = preSolution
		Debug|Any CPU = Debug|Any CPU
		Release|Any CPU = Release|Any CPU
	EndGlobalSection
	GlobalSection(ProjectConfigurationPlatforms) = postSolution
		{8B15172C-0B3B-4F85-AD83-FDA5C42552F8}.Debug|Any CPU.ActiveCfg = Debug|Any CPU
		{8B15172C-0B3B-4F85-AD83-FDA5C42552F8}.Debug|Any CPU.Build.0 = Debug|Any CPU
		{8B15172C-0B3B-4F85-AD83-FDA5C42552F8}.Release|Any CPU.ActiveCfg = Release|Any CPU
		{8B15172C-0B3B-4F85-AD83-FDA5C42552F8}.Release|Any CPU.Build.0 = Release|Any CPU
	EndGlobalSection
	GlobalSection(SolutionProperties) = preSolution
		HideSolutionNode = FALSE
	EndGlobalSection
	GlobalSection(ExtensibilityGlobals) = postSolution
		SolutionGuid = {448FB3C7-3877-4E1F-8275-9243F4ADDB90}
	EndGlobalSection
EndGlobal
